
Microsoft Visual Studio Solution File, Format Version 12.00
# Visual Studio Version 16
VisualStudioVersion = 16.0.28922.388
MinimumVisualStudioVersion = 10.0.40219.1
Project("{FAE04EC0-301F-11D3-BF4B-00C04F79EFBC}") = "WindowsFormsApp1", "WindowsFormsApp1.csproj", "{AB3BEE14-1F41-43E0-951F-FCDC78E68282}"
EndProject
Global
	GlobalSection(SolutionConfigurationPlatforms) = preSolution
		Debug|Any CPU = Debug|Any CPU
		Release|Any CPU = Release|Any CPU
	EndGlobalSection
	GlobalSection(ProjectConfigurationPlatforms) = postSolution
		{AB3BEE14-1F41-43E0-951F-FCDC78E68282}.Debug|Any CPU.ActiveCfg = Debug|Any CPU
		{AB3BEE14-1F41-43E0-951F-FCDC78E68282}.Debug|Any CPU.Build.0 = Debug|Any CPU
		{AB3BEE14-1F41-43E0-951F-FCDC78E68282}.Release|Any CPU.ActiveCfg = Release|Any CPU
		{AB3BEE14-1F41-43E0-951F-FCDC78E68282}.Release|Any CPU.Build.0 = Release|Any CPU
	EndGlobalSection
	GlobalSection(SolutionProperties) = preSolution
		HideSolutionNode = FALSE
	EndGlobalSection
	GlobalSection(ExtensibilityGlobals) = postSolution
		SolutionGuid = {7BF9670A-75E9-452E-BEC3-33E05778457A}
	EndGlobalSection
EndGlobal
